
Microsoft Visual Studio Solution File, Format Version 12.00
Project("{FAE04EC0-301F-11D3-BF4B-00C04F79EFBC}") = "Modbus.NET.Core", "Modbus.NET.Core\Modbus.NET.Core.csproj", "{83BE8F08-D224-4D4F-B6CC-2423192C44B0}"
EndProject
Project("{FAE04EC0-301F-11D3-BF4B-00C04F79EFBC}") = "Modbus.NET.ConsoleApp", "Modbus.NET.ConsoleApp\Modbus.NET.ConsoleApp.csproj", "{9730AD49-0DFA-4A50-8C53-DECCBC1571E7}"
EndProject
Global
	GlobalSection(SolutionConfigurationPlatforms) = preSolution
		Debug|Any CPU = Debug|Any CPU
		Release|Any CPU = Release|Any CPU
	EndGlobalSection
	GlobalSection(ProjectConfigurationPlatforms) = postSolution
		{83BE8F08-D224-4D4F-B6CC-2423192C44B0}.Debug|Any CPU.ActiveCfg = Debug|Any CPU
		{83BE8F08-D224-4D4F-B6CC-2423192C44B0}.Debug|Any CPU.Build.0 = Debug|Any CPU
		{83BE8F08-D224-4D4F-B6CC-2423192C44B0}.Release|Any CPU.ActiveCfg = Release|Any CPU
		{83BE8F08-D224-4D4F-B6CC-2423192C44B0}.Release|Any CPU.Build.0 = Release|Any CPU
		{9730AD49-0DFA-4A50-8C53-DECCBC1571E7}.Debug|Any CPU.ActiveCfg = Debug|Any CPU
		{9730AD49-0DFA-4A50-8C53-DECCBC1571E7}.Debug|Any CPU.Build.0 = Debug|Any CPU
		{9730AD49-0DFA-4A50-8C53-DECCBC1571E7}.Release|Any CPU.ActiveCfg = Release|Any CPU
		{9730AD49-0DFA-4A50-8C53-DECCBC1571E7}.Release|Any CPU.Build.0 = Release|Any CPU
	EndGlobalSection
EndGlobal
